{
  "name": "MNCCASH303-Daftar-Slot-Deposit-Pulsa-10rb-Tanpa-Potongan-Di-Indonesia",
  "version": "1.7.0",
  "lockfileVersion": 2,
  "requires": true,
  "packages": {
    "": {
      "name": "MNCCASH303-Daftar-Slot-Deposit-Pulsa-10rb-Tanpa-Potongan-Di-Indonesia",
      "version": "1.2.1",
      "license": "MIT",
      "engines": {
        "atom": ">=1.0.0 <2.0.0"
      }
    }
  }
}
